
Microsoft Visual Studio Solution File, Format Version 12.00
# Visual Studio Version 16
VisualStudioVersion = 16.0.31911.196
MinimumVisualStudioVersion = 10.0.40219.1
Project("{FAE04EC0-301F-11D3-BF4B-00C04F79EFBC}") = "headfirstcsharp project", "headfirstcsharp project.csproj", "{D4730307-7A73-4B8C-BAF4-205844BB67CF}"
EndProject
Global
	GlobalSection(SolutionConfigurationPlatforms) = preSolution
		Debug|Any CPU = Debug|Any CPU
		Release|Any CPU = Release|Any CPU
	EndGlobalSection
	GlobalSection(ProjectConfigurationPlatforms) = postSolution
		{D4730307-7A73-4B8C-BAF4-205844BB67CF}.Debug|Any CPU.ActiveCfg = Debug|Any CPU
		{D4730307-7A73-4B8C-BAF4-205844BB67CF}.Debug|Any CPU.Build.0 = Debug|Any CPU
		{D4730307-7A73-4B8C-BAF4-205844BB67CF}.Release|Any CPU.ActiveCfg = Release|Any CPU
		{D4730307-7A73-4B8C-BAF4-205844BB67CF}.Release|Any CPU.Build.0 = Release|Any CPU
	EndGlobalSection
	GlobalSection(SolutionProperties) = preSolution
		HideSolutionNode = FALSE
	EndGlobalSection
	GlobalSection(ExtensibilityGlobals) = postSolution
		SolutionGuid = {A8F9ED78-0644-4E4B-B43B-D85452D121DB}
	EndGlobalSection
EndGlobal
